{
  "name": "bv-addons-root",
  "lockfileVersion": 3,
  "requires": true,
  "packages": {
    "": {
      "name": "bv-addons-root",
      "workspaces": [
        "./packages/*"
      ],
      "dependencies": {
        "bpmn-visualization": "~0.37.0"
      }
    },
    "node_modules/@process-analytics/bv-experimental-add-ons": {
      "resolved": "packages/lib",
      "link": true
    },
    "node_modules/@typed-mxgraph/typed-mxgraph": {
      "version": "1.0.8",
      "resolved": "https://registry.npmjs.org/@typed-mxgraph/typed-mxgraph/-/typed-mxgraph-1.0.8.tgz",
      "integrity": "sha512-rzTbmD/XofRq0YZMY/BU9cjbCTw9q8rpIvWRhQO0DcgCx3+rpHTsVOk3pfuhcnUigUYNFkljmDkRuVjbl7zZoQ=="
    },
    "node_modules/bpmn-visualization": {
      "version": "0.37.0",
      "resolved": "https://registry.npmjs.org/bpmn-visualization/-/bpmn-visualization-0.37.0.tgz",
      "integrity": "sha512-KZhFmiApyRp3gNXd+nZVz5Ff1R8CoYu86C1H0xLxspPOG4aCOATzjjW+S02XQyK/BfDyUIgeXCDvufQDf63l+A==",
      "dependencies": {
        "@typed-mxgraph/typed-mxgraph": "~1.0.8",
        "fast-xml-parser": "4.2.5",
        "lodash-es": "~4.17.21",
        "mxgraph": "4.2.2",
        "strnum": "1.0.5"
      }
    },
    "node_modules/fast-xml-parser": {
      "version": "4.2.5",
      "resolved": "https://registry.npmjs.org/fast-xml-parser/-/fast-xml-parser-4.2.5.tgz",
      "integrity": "sha512-B9/wizE4WngqQftFPmdaMYlXoJlJOYxGQOanC77fq9k8+Z0v5dDSVh+3glErdIROP//s/jgb7ZuxKfB8nVyo0g==",
      "funding": [
        {
          "type": "paypal",
          "url": "https://paypal.me/naturalintelligence"
        },
        {
          "type": "github",
          "url": "https://github.com/sponsors/NaturalIntelligence"
        }
      ],
      "dependencies": {
        "strnum": "^1.0.5"
      },
      "bin": {
        "fxparser": "src/cli/cli.js"
      }
    },
    "node_modules/lodash-es": {
      "version": "4.17.21",
      "resolved": "https://registry.npmjs.org/lodash-es/-/lodash-es-4.17.21.tgz",
      "integrity": "sha512-mKnC+QJ9pWVzv+C4/U3rRsHapFfHvQFoFB92e52xeyGMcX6/OlIl78je1u8vePzYZSkkogMPJ2yjxxsb89cxyw=="
    },
    "node_modules/mxgraph": {
      "version": "4.2.2",
      "resolved": "https://registry.npmjs.org/mxgraph/-/mxgraph-4.2.2.tgz",
      "integrity": "sha512-FrJc5AxzXSqiQNF+8CyJk6VxuKO4UVPgw32FZuFZ3X9W+JqOAQBTokZhh0ZkEqGpEOyp3z778ssmBTvdrTAdqw==",
      "deprecated": "Package no longer supported. Use at your own risk"
    },
    "node_modules/strnum": {
      "version": "1.0.5",
      "resolved": "https://registry.npmjs.org/strnum/-/strnum-1.0.5.tgz",
      "integrity": "sha512-J8bbNyKKXl5qYcR36TIO8W3mVGVHrmmxsd5PAItGkmyzwJvybiw2IVq5nqd0i4LSNSkB/sx9VHllbfFdr9k1JA=="
    },
    "node_modules/typescript": {
      "version": "5.1.6",
      "resolved": "https://registry.npmjs.org/typescript/-/typescript-5.1.6.tgz",
      "integrity": "sha512-zaWCozRZ6DLEWAWFrVDz1H6FVXzUSfTy5FUMWsQlU8Ym5JP9eO4xkTIROFCQvhQf61z6O/G6ugw3SgAnvvm+HA==",
      "dev": true,
      "bin": {
        "tsc": "bin/tsc",
        "tsserver": "bin/tsserver"
      },
      "engines": {
        "node": ">=14.17"
      }
    },
    "packages/lib": {
      "name": "@process-analytics/bv-experimental-add-ons",
      "version": "0.0.1",
      "license": "Apache-2.0",
      "devDependencies": {
        "typescript": "~5.1.6"
      }
    }
  }
}
